
Microsoft Visual Studio Solution File, Format Version 12.00
# Visual Studio Version 17
VisualStudioVersion = 17.2.32630.192
MinimumVisualStudioVersion = 10.0.40219.1
Project("{FAE04EC0-301F-11D3-BF4B-00C04F79EFBC}") = "AcControl.Server", "AcControl.Server\AcControl.Server.csproj", "{D509C9ED-FCF9-4BC2-B59A-8E18D3EE62E6}"
EndProject
Project("{2150E333-8FDC-42A3-9474-1A3956D46DE8}") = "Solution Items", "Solution Items", "{FE3A7666-B650-43DF-A4BE-620742CB94E5}"
	ProjectSection(SolutionItems) = preProject
		.editorconfig = .editorconfig
		.gitignore = .gitignore
	EndProjectSection
EndProject
Global
	GlobalSection(SolutionConfigurationPlatforms) = preSolution
		Debug|Any CPU = Debug|Any CPU
		Release|Any CPU = Release|Any CPU
	EndGlobalSection
	GlobalSection(ProjectConfigurationPlatforms) = postSolution
		{D509C9ED-FCF9-4BC2-B59A-8E18D3EE62E6}.Debug|Any CPU.ActiveCfg = Debug|Any CPU
		{D509C9ED-FCF9-4BC2-B59A-8E18D3EE62E6}.Debug|Any CPU.Build.0 = Debug|Any CPU
		{D509C9ED-FCF9-4BC2-B59A-8E18D3EE62E6}.Release|Any CPU.ActiveCfg = Release|Any CPU
		{D509C9ED-FCF9-4BC2-B59A-8E18D3EE62E6}.Release|Any CPU.Build.0 = Release|Any CPU
	EndGlobalSection
	GlobalSection(SolutionProperties) = preSolution
		HideSolutionNode = FALSE
	EndGlobalSection
	GlobalSection(ExtensibilityGlobals) = postSolution
		SolutionGuid = {F589D953-E134-42C8-AEA3-F21E70E4946D}
	EndGlobalSection
EndGlobal
